
Microsoft Visual Studio Solution File, Format Version 12.00
# Visual Studio Version 16
VisualStudioVersion = 16.0.31410.357
MinimumVisualStudioVersion = 10.0.40219.1
Project("{FAE04EC0-301F-11D3-BF4B-00C04F79EFBC}") = "UzmanCrm.CrmService.WebAPI", "UzmanCrm.CrmService.WebAPI\UzmanCrm.CrmService.WebAPI.csproj", "{AEA4BDC9-D8FB-404A-9561-555BE0A7CA71}"
EndProject
Project("{FAE04EC0-301F-11D3-BF4B-00C04F79EFBC}") = "UzmanCrm.CrmService.Application", "UzmanCrm.CrmService.Application\UzmanCrm.CrmService.Application.csproj", "{057B2768-18CF-4DDB-820D-A303793B4356}"
EndProject
Project("{FAE04EC0-301F-11D3-BF4B-00C04F79EFBC}") = "UzmanCrm.CrmService.Infrastructure", "UzmanCrm.CrmService.Infrastructure\UzmanCrm.CrmService.Infrastructure.csproj", "{21B22BAE-BAEC-4C9C-B3D5-0A25992D37BE}"
EndProject
Global
	GlobalSection(SolutionConfigurationPlatforms) = preSolution
		Debug|Any CPU = Debug|Any CPU
		Release|Any CPU = Release|Any CPU
	EndGlobalSection
	GlobalSection(ProjectConfigurationPlatforms) = postSolution
		{AEA4BDC9-D8FB-404A-9561-555BE0A7CA71}.Debug|Any CPU.ActiveCfg = Debug|Any CPU
		{AEA4BDC9-D8FB-404A-9561-555BE0A7CA71}.Debug|Any CPU.Build.0 = Debug|Any CPU
		{AEA4BDC9-D8FB-404A-9561-555BE0A7CA71}.Release|Any CPU.ActiveCfg = Release|Any CPU
		{AEA4BDC9-D8FB-404A-9561-555BE0A7CA71}.Release|Any CPU.Build.0 = Release|Any CPU
		{057B2768-18CF-4DDB-820D-A303793B4356}.Debug|Any CPU.ActiveCfg = Debug|Any CPU
		{057B2768-18CF-4DDB-820D-A303793B4356}.Debug|Any CPU.Build.0 = Debug|Any CPU
		{057B2768-18CF-4DDB-820D-A303793B4356}.Release|Any CPU.ActiveCfg = Release|Any CPU
		{057B2768-18CF-4DDB-820D-A303793B4356}.Release|Any CPU.Build.0 = Release|Any CPU
		{21B22BAE-BAEC-4C9C-B3D5-0A25992D37BE}.Debug|Any CPU.ActiveCfg = Debug|Any CPU
		{21B22BAE-BAEC-4C9C-B3D5-0A25992D37BE}.Debug|Any CPU.Build.0 = Debug|Any CPU
		{21B22BAE-BAEC-4C9C-B3D5-0A25992D37BE}.Release|Any CPU.ActiveCfg = Release|Any CPU
		{21B22BAE-BAEC-4C9C-B3D5-0A25992D37BE}.Release|Any CPU.Build.0 = Release|Any CPU
	EndGlobalSection
	GlobalSection(SolutionProperties) = preSolution
		HideSolutionNode = FALSE
	EndGlobalSection
	GlobalSection(ExtensibilityGlobals) = postSolution
		SolutionGuid = {34E9D5E0-672F-4D03-A170-C67C98026FCF}
	EndGlobalSection
EndGlobal
